
Microsoft Visual Studio Solution File, Format Version 12.00
# Visual Studio Version 17
VisualStudioVersion = 17.13.35931.197 d17.13
MinimumVisualStudioVersion = 10.0.40219.1
Project("{FAE04EC0-301F-11D3-BF4B-00C04F79EFBC}") = "ToDolist", "ToDolist\ToDolist.csproj", "{F2C895C1-87AA-41E4-8136-C7C3FBDDE4B3}"
EndProject
Global
	GlobalSection(SolutionConfigurationPlatforms) = preSolution
		Debug|Any CPU = Debug|Any CPU
		Release|Any CPU = Release|Any CPU
	EndGlobalSection
	GlobalSection(ProjectConfigurationPlatforms) = postSolution
		{F2C895C1-87AA-41E4-8136-C7C3FBDDE4B3}.Debug|Any CPU.ActiveCfg = Debug|Any CPU
		{F2C895C1-87AA-41E4-8136-C7C3FBDDE4B3}.Debug|Any CPU.Build.0 = Debug|Any CPU
		{F2C895C1-87AA-41E4-8136-C7C3FBDDE4B3}.Release|Any CPU.ActiveCfg = Release|Any CPU
		{F2C895C1-87AA-41E4-8136-C7C3FBDDE4B3}.Release|Any CPU.Build.0 = Release|Any CPU
	EndGlobalSection
	GlobalSection(SolutionProperties) = preSolution
		HideSolutionNode = FALSE
	EndGlobalSection
	GlobalSection(ExtensibilityGlobals) = postSolution
		SolutionGuid = {20702C84-9600-4D91-9E3B-66CE24F4732D}
	EndGlobalSection
EndGlobal
